
Microsoft Visual Studio Solution File, Format Version 12.00
# Visual Studio Version 17
VisualStudioVersion = 17.7.34031.279
MinimumVisualStudioVersion = 10.0.40219.1
Project("{FAE04EC0-301F-11D3-BF4B-00C04F79EFBC}") = "Classroom11Teacher", "Classroom11Teacher\Classroom11Teacher.csproj", "{9FEE80D8-8EA2-48B6-9D3D-6F7C1301B707}"
EndProject
Project("{FAE04EC0-301F-11D3-BF4B-00C04F79EFBC}") = "Domain", "Domain\Domain.csproj", "{72506174-B896-462C-9C22-67A38212613A}"
EndProject
Project("{FAE04EC0-301F-11D3-BF4B-00C04F79EFBC}") = "Service", "Service\Service.csproj", "{78A1E113-5582-4325-8CB4-BCDD63556D58}"
EndProject
Global
	GlobalSection(SolutionConfigurationPlatforms) = preSolution
		Debug|Any CPU = Debug|Any CPU
		Release|Any CPU = Release|Any CPU
	EndGlobalSection
	GlobalSection(ProjectConfigurationPlatforms) = postSolution
		{9FEE80D8-8EA2-48B6-9D3D-6F7C1301B707}.Debug|Any CPU.ActiveCfg = Debug|Any CPU
		{9FEE80D8-8EA2-48B6-9D3D-6F7C1301B707}.Debug|Any CPU.Build.0 = Debug|Any CPU
		{9FEE80D8-8EA2-48B6-9D3D-6F7C1301B707}.Release|Any CPU.ActiveCfg = Release|Any CPU
		{9FEE80D8-8EA2-48B6-9D3D-6F7C1301B707}.Release|Any CPU.Build.0 = Release|Any CPU
		{72506174-B896-462C-9C22-67A38212613A}.Debug|Any CPU.ActiveCfg = Debug|Any CPU
		{72506174-B896-462C-9C22-67A38212613A}.Debug|Any CPU.Build.0 = Debug|Any CPU
		{72506174-B896-462C-9C22-67A38212613A}.Release|Any CPU.ActiveCfg = Release|Any CPU
		{72506174-B896-462C-9C22-67A38212613A}.Release|Any CPU.Build.0 = Release|Any CPU
		{78A1E113-5582-4325-8CB4-BCDD63556D58}.Debug|Any CPU.ActiveCfg = Debug|Any CPU
		{78A1E113-5582-4325-8CB4-BCDD63556D58}.Debug|Any CPU.Build.0 = Debug|Any CPU
		{78A1E113-5582-4325-8CB4-BCDD63556D58}.Release|Any CPU.ActiveCfg = Release|Any CPU
		{78A1E113-5582-4325-8CB4-BCDD63556D58}.Release|Any CPU.Build.0 = Release|Any CPU
	EndGlobalSection
	GlobalSection(SolutionProperties) = preSolution
		HideSolutionNode = FALSE
	EndGlobalSection
	GlobalSection(ExtensibilityGlobals) = postSolution
		SolutionGuid = {AC5667E8-10EE-49FA-8236-922B915A4129}
	EndGlobalSection
EndGlobal
